<?xml version="1.0" encoding="UTF-8" standalone="yes" ?>
<CodeBlocks_project_file>
	<FileVersion major="1" minor="6" />
	<Project>
		<Option title="othello try" />
		<Option pch_mode="2" />
		<Option compiler="gcc" />
		<Build>
			<Target title="Debug">
				<Option output="bin/Debug/othello try" prefix_auto="1" extension_auto="1" />
				<Option object_output="obj/Debug/" />
				<Option type="1" />
				<Option compiler="gcc" />
				<Compiler>
					<Add option="-g" />
				</Compiler>
			</Target>
			<Target title="Release">
				<Option output="bin/Release/othello try" prefix_auto="1" extension_auto="1" />
				<Option object_output="obj/Release/" />
				<Option type="1" />
				<Option compiler="gcc" />
				<Compiler>
					<Add option="-O2" />
				</Compiler>
				<Linker>
					<Add option="-s" />
				</Linker>
			</Target>
		</Build>
		<Compiler>
			<Add option="-Wall" />
		</Compiler>
		<Unit filename="board.c">
			<Option compilerVar="CC" />
		</Unit>
		<Unit filename="board.h">
			<Option target="&lt;{~None~}&gt;" />
		</Unit>
		<Unit filename="human_vs_human.c">
			<Option compilerVar="CC" />
		</Unit>
		<Unit filename="human_vs_human.h" />
		<Unit filename="human_vs_machine.c">
			<Option compilerVar="CC" />
		</Unit>
		<Unit filename="human_vs_machine.h" />
		<Unit filename="main.c">
			<Option compilerVar="CC" />
		</Unit>
		<Unit filename="move.c">
			<Option compilerVar="CC" />
		</Unit>
		<Unit filename="move.h" />
		<Extensions />
	</Project>
</CodeBlocks_project_file>
